
Microsoft Visual Studio Solution File, Format Version 12.00
# Visual Studio Version 16
VisualStudioVersion = 16.0.31624.102
MinimumVisualStudioVersion = 10.0.40219.1
Project("{FAE04EC0-301F-11D3-BF4B-00C04F79EFBC}") = "P2-AP1-Nachely-20190734", "P2-AP1-Nachely-20190734.csproj", "{8C159204-F4A4-4037-9F78-5630CA4D939F}"
EndProject
Global
	GlobalSection(SolutionConfigurationPlatforms) = preSolution
		Debug|Any CPU = Debug|Any CPU
		Release|Any CPU = Release|Any CPU
	EndGlobalSection
	GlobalSection(ProjectConfigurationPlatforms) = postSolution
		{8C159204-F4A4-4037-9F78-5630CA4D939F}.Debug|Any CPU.ActiveCfg = Debug|Any CPU
		{8C159204-F4A4-4037-9F78-5630CA4D939F}.Debug|Any CPU.Build.0 = Debug|Any CPU
		{8C159204-F4A4-4037-9F78-5630CA4D939F}.Release|Any CPU.ActiveCfg = Release|Any CPU
		{8C159204-F4A4-4037-9F78-5630CA4D939F}.Release|Any CPU.Build.0 = Release|Any CPU
	EndGlobalSection
	GlobalSection(SolutionProperties) = preSolution
		HideSolutionNode = FALSE
	EndGlobalSection
	GlobalSection(ExtensibilityGlobals) = postSolution
		SolutionGuid = {BD4B716F-F5E3-4B16-ADE9-061EBAF541F5}
	EndGlobalSection
EndGlobal
